
Microsoft Visual Studio Solution File, Format Version 12.00
# Visual Studio 15
VisualStudioVersion = 15.0.28307.902
MinimumVisualStudioVersion = 10.0.40219.1
Project("{9A19103F-16F7-4668-BE54-9A1E7A4F7556}") = "Auth.Model", "Auth.Model\Auth.Model.csproj", "{C17F3AF7-E459-4DE9-80CE-F0340BEE4432}"
EndProject
Project("{9A19103F-16F7-4668-BE54-9A1E7A4F7556}") = "Auth.Interface", "Auth.Interface\Auth.Interface.csproj", "{B142DE83-B8EE-47AE-BEA6-89767AF77332}"
EndProject
Project("{9A19103F-16F7-4668-BE54-9A1E7A4F7556}") = "Auth.Infrastructure", "Auth.Infrastructure\Auth.Infrastructure.csproj", "{D8ACF3F8-0378-45E0-8E91-EE4821C28277}"
EndProject
Project("{FAE04EC0-301F-11D3-BF4B-00C04F79EFBC}") = "Auth.test", "Auth.test\Auth.test.csproj", "{EEF05BEE-37C1-4679-BBBA-3D195A23B43D}"
EndProject
Global
	GlobalSection(SolutionConfigurationPlatforms) = preSolution
		Debug|Any CPU = Debug|Any CPU
		Release|Any CPU = Release|Any CPU
	EndGlobalSection
	GlobalSection(ProjectConfigurationPlatforms) = postSolution
		{C17F3AF7-E459-4DE9-80CE-F0340BEE4432}.Debug|Any CPU.ActiveCfg = Debug|Any CPU
		{C17F3AF7-E459-4DE9-80CE-F0340BEE4432}.Debug|Any CPU.Build.0 = Debug|Any CPU
		{C17F3AF7-E459-4DE9-80CE-F0340BEE4432}.Release|Any CPU.ActiveCfg = Release|Any CPU
		{C17F3AF7-E459-4DE9-80CE-F0340BEE4432}.Release|Any CPU.Build.0 = Release|Any CPU
		{B142DE83-B8EE-47AE-BEA6-89767AF77332}.Debug|Any CPU.ActiveCfg = Debug|Any CPU
		{B142DE83-B8EE-47AE-BEA6-89767AF77332}.Debug|Any CPU.Build.0 = Debug|Any CPU
		{B142DE83-B8EE-47AE-BEA6-89767AF77332}.Release|Any CPU.ActiveCfg = Release|Any CPU
		{B142DE83-B8EE-47AE-BEA6-89767AF77332}.Release|Any CPU.Build.0 = Release|Any CPU
		{D8ACF3F8-0378-45E0-8E91-EE4821C28277}.Debug|Any CPU.ActiveCfg = Debug|Any CPU
		{D8ACF3F8-0378-45E0-8E91-EE4821C28277}.Debug|Any CPU.Build.0 = Debug|Any CPU
		{D8ACF3F8-0378-45E0-8E91-EE4821C28277}.Release|Any CPU.ActiveCfg = Release|Any CPU
		{D8ACF3F8-0378-45E0-8E91-EE4821C28277}.Release|Any CPU.Build.0 = Release|Any CPU
		{EEF05BEE-37C1-4679-BBBA-3D195A23B43D}.Debug|Any CPU.ActiveCfg = Debug|Any CPU
		{EEF05BEE-37C1-4679-BBBA-3D195A23B43D}.Debug|Any CPU.Build.0 = Debug|Any CPU
		{EEF05BEE-37C1-4679-BBBA-3D195A23B43D}.Release|Any CPU.ActiveCfg = Release|Any CPU
		{EEF05BEE-37C1-4679-BBBA-3D195A23B43D}.Release|Any CPU.Build.0 = Release|Any CPU
	EndGlobalSection
	GlobalSection(SolutionProperties) = preSolution
		HideSolutionNode = FALSE
	EndGlobalSection
	GlobalSection(ExtensibilityGlobals) = postSolution
		SolutionGuid = {3D673E61-ECD7-4676-AC0B-CAD2D0871E14}
	EndGlobalSection
EndGlobal
